
Microsoft Visual Studio Solution File, Format Version 12.00
# Visual Studio Version 17
VisualStudioVersion = 17.0.31903.59
MinimumVisualStudioVersion = 10.0.40219.1
Project("{FAE04EC0-301F-11D3-BF4B-00C04F79EFBC}") = "GitInsight", "GitInsight\GitInsight.csproj", "{10C9437E-F54B-4D23-845F-C76CC99B3465}"
EndProject
Project("{FAE04EC0-301F-11D3-BF4B-00C04F79EFBC}") = "GitInsight.Tests", "GitInsight.Tests\GitInsight.Tests.csproj", "{93F39860-15D0-4565-9BE6-50B73D4999A6}"
EndProject
Project("{FAE04EC0-301F-11D3-BF4B-00C04F79EFBC}") = "GitInsight.Infrastructure", "GitInsight.Infrastructure\GitInsight.Infrastructure.csproj", "{398B78AF-4F8E-49B0-B216-81CD25DC2186}"
EndProject
Project("{FAE04EC0-301F-11D3-BF4B-00C04F79EFBC}") = "GitInsight.Core", "GitInsight.Core\GitInsight.Core.csproj", "{601456F1-A5F0-45B4-9B0F-CDD164ACF798}"
EndProject
Project("{FAE04EC0-301F-11D3-BF4B-00C04F79EFBC}") = "GitInsight.WebAPI", "GitInsight.WebAPI\GitInsight.WebAPI.csproj", "{7ACBFD9D-4704-4AB8-BAE4-7C10443BAA48}"
EndProject
Global
	GlobalSection(SolutionConfigurationPlatforms) = preSolution
		Debug|Any CPU = Debug|Any CPU
		Release|Any CPU = Release|Any CPU
	EndGlobalSection
	GlobalSection(SolutionProperties) = preSolution
		HideSolutionNode = FALSE
	EndGlobalSection
	GlobalSection(ProjectConfigurationPlatforms) = postSolution
		{10C9437E-F54B-4D23-845F-C76CC99B3465}.Debug|Any CPU.ActiveCfg = Debug|Any CPU
		{10C9437E-F54B-4D23-845F-C76CC99B3465}.Debug|Any CPU.Build.0 = Debug|Any CPU
		{10C9437E-F54B-4D23-845F-C76CC99B3465}.Release|Any CPU.ActiveCfg = Release|Any CPU
		{10C9437E-F54B-4D23-845F-C76CC99B3465}.Release|Any CPU.Build.0 = Release|Any CPU
		{93F39860-15D0-4565-9BE6-50B73D4999A6}.Debug|Any CPU.ActiveCfg = Debug|Any CPU
		{93F39860-15D0-4565-9BE6-50B73D4999A6}.Debug|Any CPU.Build.0 = Debug|Any CPU
		{93F39860-15D0-4565-9BE6-50B73D4999A6}.Release|Any CPU.ActiveCfg = Release|Any CPU
		{93F39860-15D0-4565-9BE6-50B73D4999A6}.Release|Any CPU.Build.0 = Release|Any CPU
		{398B78AF-4F8E-49B0-B216-81CD25DC2186}.Debug|Any CPU.ActiveCfg = Debug|Any CPU
		{398B78AF-4F8E-49B0-B216-81CD25DC2186}.Debug|Any CPU.Build.0 = Debug|Any CPU
		{398B78AF-4F8E-49B0-B216-81CD25DC2186}.Release|Any CPU.ActiveCfg = Release|Any CPU
		{398B78AF-4F8E-49B0-B216-81CD25DC2186}.Release|Any CPU.Build.0 = Release|Any CPU
		{601456F1-A5F0-45B4-9B0F-CDD164ACF798}.Debug|Any CPU.ActiveCfg = Debug|Any CPU
		{601456F1-A5F0-45B4-9B0F-CDD164ACF798}.Debug|Any CPU.Build.0 = Debug|Any CPU
		{601456F1-A5F0-45B4-9B0F-CDD164ACF798}.Release|Any CPU.ActiveCfg = Release|Any CPU
		{601456F1-A5F0-45B4-9B0F-CDD164ACF798}.Release|Any CPU.Build.0 = Release|Any CPU
		{7ACBFD9D-4704-4AB8-BAE4-7C10443BAA48}.Debug|Any CPU.ActiveCfg = Debug|Any CPU
		{7ACBFD9D-4704-4AB8-BAE4-7C10443BAA48}.Debug|Any CPU.Build.0 = Debug|Any CPU
		{7ACBFD9D-4704-4AB8-BAE4-7C10443BAA48}.Release|Any CPU.ActiveCfg = Release|Any CPU
		{7ACBFD9D-4704-4AB8-BAE4-7C10443BAA48}.Release|Any CPU.Build.0 = Release|Any CPU
	EndGlobalSection
EndGlobal
